
Microsoft Visual Studio Solution File, Format Version 12.00
# Visual Studio Version 17
VisualStudioVersion = 17.0.32112.339
MinimumVisualStudioVersion = 10.0.40219.1
Project("{9A19103F-16F7-4668-BE54-9A1E7A4F7556}") = "WMS.GrpcClient", "WMS.GrpcClient\WMS.GrpcClient.csproj", "{0A7C1859-1A46-4BE0-8B72-399FAD002B8E}"
EndProject
Global
	GlobalSection(SolutionConfigurationPlatforms) = preSolution
		Debug|Any CPU = Debug|Any CPU
		Release|Any CPU = Release|Any CPU
	EndGlobalSection
	GlobalSection(ProjectConfigurationPlatforms) = postSolution
		{0A7C1859-1A46-4BE0-8B72-399FAD002B8E}.Debug|Any CPU.ActiveCfg = Debug|Any CPU
		{0A7C1859-1A46-4BE0-8B72-399FAD002B8E}.Debug|Any CPU.Build.0 = Debug|Any CPU
		{0A7C1859-1A46-4BE0-8B72-399FAD002B8E}.Release|Any CPU.ActiveCfg = Release|Any CPU
		{0A7C1859-1A46-4BE0-8B72-399FAD002B8E}.Release|Any CPU.Build.0 = Release|Any CPU
	EndGlobalSection
	GlobalSection(SolutionProperties) = preSolution
		HideSolutionNode = FALSE
	EndGlobalSection
	GlobalSection(ExtensibilityGlobals) = postSolution
		SolutionGuid = {0944FECD-DAAE-41A4-BA63-5F1903EB1FE6}
	EndGlobalSection
EndGlobal
